
Microsoft Visual Studio Solution File, Format Version 12.00
# Visual Studio Version 16
VisualStudioVersion = 16.0.30523.141
MinimumVisualStudioVersion = 10.0.40219.1
Project("{FAE04EC0-301F-11D3-BF4B-00C04F79EFBC}") = "TCP Server", "TCP Server\TCP Server.csproj", "{4ACDB4B7-EA7B-4785-996C-3B17B5266AAE}"
EndProject
Project("{FAE04EC0-301F-11D3-BF4B-00C04F79EFBC}") = "TCPClient", "TCPClient\TCPClient.csproj", "{8E666F3D-3607-4387-A466-2BD0BB6F2FCB}"
EndProject
Global
	GlobalSection(SolutionConfigurationPlatforms) = preSolution
		Debug|Any CPU = Debug|Any CPU
		Release|Any CPU = Release|Any CPU
	EndGlobalSection
	GlobalSection(ProjectConfigurationPlatforms) = postSolution
		{4ACDB4B7-EA7B-4785-996C-3B17B5266AAE}.Debug|Any CPU.ActiveCfg = Debug|Any CPU
		{4ACDB4B7-EA7B-4785-996C-3B17B5266AAE}.Debug|Any CPU.Build.0 = Debug|Any CPU
		{4ACDB4B7-EA7B-4785-996C-3B17B5266AAE}.Release|Any CPU.ActiveCfg = Release|Any CPU
		{4ACDB4B7-EA7B-4785-996C-3B17B5266AAE}.Release|Any CPU.Build.0 = Release|Any CPU
		{8E666F3D-3607-4387-A466-2BD0BB6F2FCB}.Debug|Any CPU.ActiveCfg = Debug|Any CPU
		{8E666F3D-3607-4387-A466-2BD0BB6F2FCB}.Debug|Any CPU.Build.0 = Debug|Any CPU
		{8E666F3D-3607-4387-A466-2BD0BB6F2FCB}.Release|Any CPU.ActiveCfg = Release|Any CPU
		{8E666F3D-3607-4387-A466-2BD0BB6F2FCB}.Release|Any CPU.Build.0 = Release|Any CPU
	EndGlobalSection
	GlobalSection(SolutionProperties) = preSolution
		HideSolutionNode = FALSE
	EndGlobalSection
	GlobalSection(ExtensibilityGlobals) = postSolution
		SolutionGuid = {7372F0FE-4079-4ECC-A670-74683C2D9B69}
	EndGlobalSection
EndGlobal
